<Solution>
  <Folder Name="/Solution Items/">
    <File Path="Directory.Build.props" />
    <File Path="Directory.Packages.props" />
  </Folder>
  <Folder Name="/src/" />
  <Folder Name="/src/BuildingBlocks/">
    <Project Path="src/BuildingBlocks/Framwork/Framwork.csproj" Id="4bb95870-4d6e-47b3-8bf5-dacfb03f3fd7" />
    <Project Path="src/BuildingBlocks/Infrastructure/Infrastructure.csproj" Id="c901aa80-b0ac-4cad-beb8-337b781e871a" />
    <Project Path="src/BuildingBlocks/SharedKernel/SharedKernel.csproj" Id="e9d5425e-3d9f-4088-8ccd-fd9edb22ee23" />
  </Folder>
  <Folder Name="/src/Modules/" />
  <Folder Name="/src/Modules/FileStore/">
    <Project Path="src/Modules/FileStore/Modules.FileStore.Application.Contract/Modules.FileStore.Application.Contract.csproj" />
    <Project Path="src/Modules/FileStore/Modules.FileStore.Application/Modules.FileStore.Application.csproj" />
    <Project Path="src/Modules/FileStore/Modules.FileStore.Domain/Modules.FileStore.Domain.csproj" />
    <Project Path="src/Modules/FileStore/Modules.FileStore.Persistence/Modules.FileStore.Persistence.csproj" />
    <Project Path="src/Modules/FileStore/Modules.FileStore.Presentation/Modules.FileStore.Presentation.csproj" />
  </Folder>
  <Folder Name="/src/Modules/Identity/">
    <Project Path="src/Modules/Identity/Identity.Application.Contract/Identity.Application.Contract.csproj" Id="54631cdc-d393-402f-942d-94dad4de15d3" />
    <Project Path="src/Modules/Identity/Identity.Application/Identity.Application.csproj" Id="5a8fd422-fded-4fb6-a15e-4f54069040a2" />
    <Project Path="src/Modules/Identity/Identity.Domain/Identity.Domain.csproj" Id="b03e2646-2131-43c9-880f-ed8e35e1c8c0" />
    <Project Path="src/Modules/Identity/Identity.Persistence/Identity.Persistence.csproj" Id="92a203ae-c4e5-4267-be78-a450bbd038f9" />
    <Project Path="src/Modules/Identity/Identity.Presentation/Identity.Presentation.csproj" Id="a2c0092d-1d82-4e9e-9872-c4d1fed9c565" />
  </Folder>
  <Folder Name="/src/Modules/Order/">
    <Project Path="src/Modules/Order/Modules.Order.Application.Contract/Modules.Order.Application.Contract.csproj" />
    <Project Path="src/Modules/Order/Modules.Order.Application/Modules.Order.Application.csproj" />
    <Project Path="src/Modules/Order/Modules.Order.Domain/Modules.Order.Domain.csproj" />
    <Project Path="src/Modules/Order/Modules.Order.Persistence/Modules.Order.Persistence.csproj" />
    <Project Path="src/Modules/Order/Modules.Order.Presentation/Modules.Order.Presentation.csproj" />
  </Folder>
  <Folder Name="/src/Modules/Payments/">
    <Project Path="src/Modules/Payment/Modules.Payment.Application.Contract/Modules.Payment.Application.Contract.csproj" Id="0b2fbd1b-fed6-48cd-8d67-a7ec81875323" />
    <Project Path="src/Modules/Payment/Modules.Payment.Application/Modules.Payment.Application.csproj" Id="b6b1c27c-ec28-443e-a396-71780f78c204" />
    <Project Path="src/Modules/Payment/Modules.Payment.Domain/Modules.Payment.Domain.csproj" Id="0eb253ea-072d-4dc1-ab84-67f23014dabe" />
    <Project Path="src/Modules/Payment/Modules.Payment.Persistence/Modules.Payment.Persistence.csproj" Id="3375ffe4-dd62-4b9c-8b53-4c0b44032af7" />
    <Project Path="src/Modules/Payment/Modules.Payment.Presentation/Modules.Payment.Presentation.csproj" Id="2e939211-e5b3-4607-8199-2b3e61b87942" />
  </Folder>
  <Folder Name="/src/Modules/Product/">
    <Project Path="src/Modules/Product/Modules.Product.Application.Contract/Modules.Product.Application.Contract.csproj" />
    <Project Path="src/Modules/Product/Modules.Product.Application/Modules.Product.Application.csproj" />
    <Project Path="src/Modules/Product/Modules.Product.Domain/Modules.Product.Domain.csproj" />
    <Project Path="src/Modules/Product/Modules.Product.Persistence/Modules.Product.Persistence.csproj" />
    <Project Path="src/Modules/Product/Modules.Product.Presentation/Modules.Product.Presentation.csproj" />
  </Folder>
  <Folder Name="/src/Presentation/">
    <Project Path="src/BuildingBlocks/Web/Web.csproj" Id="e0450831-009b-46e2-b98a-f044cbab3848" />
  </Folder>
  <Folder Name="/src/Shared/">
    <Project Path="src/BuildingBlocks/Shared/Shared.Contract/Shared.Contract.csproj" Id="7cdcf294-e8d7-4e48-a698-7a89532a5c3a" />
  </Folder>
  <Folder Name="/src/Test/" />
</Solution>
